// !$*UTF8*$!
{
	archiveVersion = 1;
	classes = {
	};
	objectVersion = 77;
	objects = {

/* Begin PBXBuildFile section */
		629FF53C2E95011C00BBBC29 /* FirebaseAnalytics in Frameworks */ = {isa = PBXBuildFile; productRef = 629FF53B2E95011C00BBBC29 /* FirebaseAnalytics */; };
		629FF53E2E95011C00BBBC29 /* FirebaseAuth in Frameworks */ = {isa = PBXBuildFile; productRef = 629FF53D2E95011C00BBBC29 /* FirebaseAuth */; };
		629FF5402E95011C00BBBC29 /* FirebaseFirestore in Frameworks */ = {isa = PBXBuildFile; productRef = 629FF53F2E95011C00BBBC29 /* FirebaseFirestore */; };
		62B18DE12E815CCE00C7ED06 /* Alamofire in Frameworks */ = {isa = PBXBuildFile; productRef = 62B18DE02E815CCE00C7ED06 /* Alamofire */; };
		62E8BCFC2D25040C0082A0A9 /* GoogleMobileAds in Frameworks */ = {isa = PBXBuildFile; productRef = 62E8BCFB2D25040C0082A0A9 /* GoogleMobileAds */; };
/* End PBXBuildFile section */

/* Begin PBXContainerItemProxy section */
		6277CA2F2D2448210028F852 /* PBXContainerItemProxy */ = {
			isa = PBXContainerItemProxy;
			containerPortal = 6277CA0D2D2448200028F852 /* Project object */;
			proxyType = 1;
			remoteGlobalIDString = 6277CA142D2448200028F852;
			remoteInfo = Ddugyesangi;
		};
		6277CA392D2448210028F852 /* PBXContainerItemProxy */ = {
			isa = PBXContainerItemProxy;
			containerPortal = 6277CA0D2D2448200028F852 /* Project object */;
			proxyType = 1;
			remoteGlobalIDString = 6277CA142D2448200028F852;
			remoteInfo = Ddugyesangi;
		};
/* End PBXContainerItemProxy section */

/* Begin PBXFileReference section */
		6277CA152D2448200028F852 /* Ddugyesangi.app */ = {isa = PBXFileReference; explicitFileType = wrapper.application; includeInIndex = 0; path = Ddugyesangi.app; sourceTree = BUILT_PRODUCTS_DIR; };
		6277CA2E2D2448210028F852 /* DdugyesangiTests.xctest */ = {isa = PBXFileReference; explicitFileType = wrapper.cfbundle; includeInIndex = 0; path = DdugyesangiTests.xctest; sourceTree = BUILT_PRODUCTS_DIR; };
		6277CA382D2448210028F852 /* DdugyesangiUITests.xctest */ = {isa = PBXFileReference; explicitFileType = wrapper.cfbundle; includeInIndex = 0; path = DdugyesangiUITests.xctest; sourceTree = BUILT_PRODUCTS_DIR; };
/* End PBXFileReference section */

/* Begin PBXFileSystemSynchronizedBuildFileExceptionSet section */
		6277CA402D2448210028F852 /* Exceptions for "Ddugyesangi" folder in "Ddugyesangi" target */ = {
			isa = PBXFileSystemSynchronizedBuildFileExceptionSet;
			membershipExceptions = (
				Info.plist,
			);
			target = 6277CA142D2448200028F852 /* Ddugyesangi */;
		};
/* End PBXFileSystemSynchronizedBuildFileExceptionSet section */

/* Begin PBXFileSystemSynchronizedRootGroup section */
		6277CA172D2448200028F852 /* Ddugyesangi */ = {
			isa = PBXFileSystemSynchronizedRootGroup;
			exceptions = (
				6277CA402D2448210028F852 /* Exceptions for "Ddugyesangi" folder in "Ddugyesangi" target */,
			);
			path = Ddugyesangi;
			sourceTree = "<group>";
		};
		6277CA312D2448210028F852 /* DdugyesangiTests */ = {
			isa = PBXFileSystemSynchronizedRootGroup;
			path = DdugyesangiTests;
			sourceTree = "<group>";
		};
		6277CA3B2D2448210028F852 /* DdugyesangiUITests */ = {
			isa = PBXFileSystemSynchronizedRootGroup;
			path = DdugyesangiUITests;
			sourceTree = "<group>";
		};
/* End PBXFileSystemSynchronizedRootGroup section */

/* Begin PBXFrameworksBuildPhase section */
		6277CA122D2448200028F852 /* Frameworks */ = {
			isa = PBXFrameworksBuildPhase;
			buildActionMask = 2147483647;
			files = (
				62E8BCFC2D25040C0082A0A9 /* GoogleMobileAds in Frameworks */,
				62B18DE12E815CCE00C7ED06 /* Alamofire in Frameworks */,
				629FF53C2E95011C00BBBC29 /* FirebaseAnalytics in Frameworks */,
				629FF5402E95011C00BBBC29 /* FirebaseFirestore in Frameworks */,
				629FF53E2E95011C00BBBC29 /* FirebaseAuth in Frameworks */,
			);
			runOnlyForDeploymentPostprocessing = 0;
		};
		6277CA2B2D2448210028F852 /* Frameworks */ = {
			isa = PBXFrameworksBuildPhase;
			buildActionMask = 2147483647;
			files = (
			);
			runOnlyForDeploymentPostprocessing = 0;
		};
		6277CA352D2448210028F852 /* Frameworks */ = {
			isa = PBXFrameworksBuildPhase;
			buildActionMask = 2147483647;
			files = (
			);
			runOnlyForDeploymentPostprocessing = 0;
		};
/* End PBXFrameworksBuildPhase section */

/* Begin PBXGroup section */
		6277CA0C2D2448200028F852 = {
			isa = PBXGroup;
			children = (
				6277CA172D2448200028F852 /* Ddugyesangi */,
				6277CA312D2448210028F852 /* DdugyesangiTests */,
				6277CA3B2D2448210028F852 /* DdugyesangiUITests */,
				6277CA162D2448200028F852 /* Products */,
			);
			sourceTree = "<group>";
		};
		6277CA162D2448200028F852 /* Products */ = {
			isa = PBXGroup;
			children = (
				6277CA152D2448200028F852 /* Ddugyesangi.app */,
				6277CA2E2D2448210028F852 /* DdugyesangiTests.xctest */,
				6277CA382D2448210028F852 /* DdugyesangiUITests.xctest */,
			);
			name = Products;
			sourceTree = "<group>";
		};
/* End PBXGroup section */

/* Begin PBXNativeTarget section */
		6277CA142D2448200028F852 /* Ddugyesangi */ = {
			isa = PBXNativeTarget;
			buildConfigurationList = 6277CA412D2448210028F852 /* Build configuration list for PBXNativeTarget "Ddugyesangi" */;
			buildPhases = (
				6277CA112D2448200028F852 /* Sources */,
				6277CA122D2448200028F852 /* Frameworks */,
				6277CA132D2448200028F852 /* Resources */,
			);
			buildRules = (
			);
			dependencies = (
			);
			fileSystemSynchronizedGroups = (
				6277CA172D2448200028F852 /* Ddugyesangi */,
			);
			name = Ddugyesangi;
			packageProductDependencies = (
				62E8BCFB2D25040C0082A0A9 /* GoogleMobileAds */,
				62B18DE02E815CCE00C7ED06 /* Alamofire */,
				629FF53B2E95011C00BBBC29 /* FirebaseAnalytics */,
				629FF53D2E95011C00BBBC29 /* FirebaseAuth */,
				629FF53F2E95011C00BBBC29 /* FirebaseFirestore */,
			);
			productName = Ddugyesangi;
			productReference = 6277CA152D2448200028F852 /* Ddugyesangi.app */;
			productType = "com.apple.product-type.application";
		};
		6277CA2D2D2448210028F852 /* DdugyesangiTests */ = {
			isa = PBXNativeTarget;
			buildConfigurationList = 6277CA462D2448210028F852 /* Build configuration list for PBXNativeTarget "DdugyesangiTests" */;
			buildPhases = (
				6277CA2A2D2448210028F852 /* Sources */,
				6277CA2B2D2448210028F852 /* Frameworks */,
				6277CA2C2D2448210028F852 /* Resources */,
			);
			buildRules = (
			);
			dependencies = (
				6277CA302D2448210028F852 /* PBXTargetDependency */,
			);
			fileSystemSynchronizedGroups = (
				6277CA312D2448210028F852 /* DdugyesangiTests */,
			);
			name = DdugyesangiTests;
			packageProductDependencies = (
			);
			productName = DdugyesangiTests;
			productReference = 6277CA2E2D2448210028F852 /* DdugyesangiTests.xctest */;
			productType = "com.apple.product-type.bundle.unit-test";
		};
		6277CA372D2448210028F852 /* DdugyesangiUITests */ = {
			isa = PBXNativeTarget;
			buildConfigurationList = 6277CA492D2448210028F852 /* Build configuration list for PBXNativeTarget "DdugyesangiUITests" */;
			buildPhases = (
				6277CA342D2448210028F852 /* Sources */,
				6277CA352D2448210028F852 /* Frameworks */,
				6277CA362D2448210028F852 /* Resources */,
			);
			buildRules = (
			);
			dependencies = (
				6277CA3A2D2448210028F852 /* PBXTargetDependency */,
			);
			fileSystemSynchronizedGroups = (
				6277CA3B2D2448210028F852 /* DdugyesangiUITests */,
			);
			name = DdugyesangiUITests;
			packageProductDependencies = (
			);
			productName = DdugyesangiUITests;
			productReference = 6277CA382D2448210028F852 /* DdugyesangiUITests.xctest */;
			productType = "com.apple.product-type.bundle.ui-testing";
		};
/* End PBXNativeTarget section */

/* Begin PBXProject section */
		6277CA0D2D2448200028F852 /* Project object */ = {
			isa = PBXProject;
			attributes = {
				BuildIndependentTargetsInParallel = 1;
				LastSwiftUpdateCheck = 1620;
				LastUpgradeCheck = 1620;
				TargetAttributes = {
					6277CA142D2448200028F852 = {
						CreatedOnToolsVersion = 16.2;
					};
					6277CA2D2D2448210028F852 = {
						CreatedOnToolsVersion = 16.2;
						TestTargetID = 6277CA142D2448200028F852;
					};
					6277CA372D2448210028F852 = {
						CreatedOnToolsVersion = 16.2;
						TestTargetID = 6277CA142D2448200028F852;
					};
				};
			};
			buildConfigurationList = 6277CA102D2448200028F852 /* Build configuration list for PBXProject "Ddugyesangi" */;
			developmentRegion = en;
			hasScannedForEncodings = 0;
			knownRegions = (
				en,
				Base,
				ja,
				ko,
			);
			mainGroup = 6277CA0C2D2448200028F852;
			minimizedProjectReferenceProxies = 1;
			packageReferences = (
				62E8BCFA2D25040C0082A0A9 /* XCRemoteSwiftPackageReference "swift-package-manager-google-mobile-ads" */,
				62B18DDF2E815CCE00C7ED06 /* XCRemoteSwiftPackageReference "Alamofire" */,
				629FF53A2E95011C00BBBC29 /* XCRemoteSwiftPackageReference "firebase-ios-sdk" */,
			);
			preferredProjectObjectVersion = 77;
			productRefGroup = 6277CA162D2448200028F852 /* Products */;
			projectDirPath = "";
			projectRoot = "";
			targets = (
				6277CA142D2448200028F852 /* Ddugyesangi */,
				6277CA2D2D2448210028F852 /* DdugyesangiTests */,
				6277CA372D2448210028F852 /* DdugyesangiUITests */,
			);
		};
/* End PBXProject section */

/* Begin PBXResourcesBuildPhase section */
		6277CA132D2448200028F852 /* Resources */ = {
			isa = PBXResourcesBuildPhase;
			buildActionMask = 2147483647;
			files = (
			);
			runOnlyForDeploymentPostprocessing = 0;
		};
		6277CA2C2D2448210028F852 /* Resources */ = {
			isa = PBXResourcesBuildPhase;
			buildActionMask = 2147483647;
			files = (
			);
			runOnlyForDeploymentPostprocessing = 0;
		};
		6277CA362D2448210028F852 /* Resources */ = {
			isa = PBXResourcesBuildPhase;
			buildActionMask = 2147483647;
			files = (
			);
			runOnlyForDeploymentPostprocessing = 0;
		};
/* End PBXResourcesBuildPhase section */

/* Begin PBXSourcesBuildPhase section */
		6277CA112D2448200028F852 /* Sources */ = {
			isa = PBXSourcesBuildPhase;
			buildActionMask = 2147483647;
			files = (
			);
			runOnlyForDeploymentPostprocessing = 0;
		};
		6277CA2A2D2448210028F852 /* Sources */ = {
			isa = PBXSourcesBuildPhase;
			buildActionMask = 2147483647;
			files = (
			);
			runOnlyForDeploymentPostprocessing = 0;
		};
		6277CA342D2448210028F852 /* Sources */ = {
			isa = PBXSourcesBuildPhase;
			buildActionMask = 2147483647;
			files = (
			);
			runOnlyForDeploymentPostprocessing = 0;
		};
/* End PBXSourcesBuildPhase section */

/* Begin PBXTargetDependency section */
		6277CA302D2448210028F852 /* PBXTargetDependency */ = {
			isa = PBXTargetDependency;
			target = 6277CA142D2448200028F852 /* Ddugyesangi */;
			targetProxy = 6277CA2F2D2448210028F852 /* PBXContainerItemProxy */;
		};
		6277CA3A2D2448210028F852 /* PBXTargetDependency */ = {
			isa = PBXTargetDependency;
			target = 6277CA142D2448200028F852 /* Ddugyesangi */;
			targetProxy = 6277CA392D2448210028F852 /* PBXContainerItemProxy */;
		};
/* End PBXTargetDependency section */

/* Begin XCBuildConfiguration section */
		6277CA422D2448210028F852 /* Debug */ = {
			isa = XCBuildConfiguration;
			buildSettings = {
				ASSETCATALOG_COMPILER_APPICON_NAME = AppIcon;
				ASSETCATALOG_COMPILER_GLOBAL_ACCENT_COLOR_NAME = AccentColor;
				CODE_SIGN_IDENTITY = "Apple Development";
				CODE_SIGN_STYLE = Automatic;
				CURRENT_PROJECT_VERSION = 1;
				DEVELOPMENT_TEAM = 789YC4G9T9;
				GENERATE_INFOPLIST_FILE = YES;
				INFOPLIST_FILE = Ddugyesangi/Info.plist;
				INFOPLIST_KEY_CFBundleDisplayName = "$(CFBundleDisplayName)";
				INFOPLIST_KEY_LSApplicationCategoryType = "public.app-category.entertainment";
				INFOPLIST_KEY_UIApplicationSupportsIndirectInputEvents = YES;
				INFOPLIST_KEY_UILaunchStoryboardName = "Launch Screen";
				INFOPLIST_KEY_UISupportedInterfaceOrientations = "UIInterfaceOrientationLandscapeLeft UIInterfaceOrientationLandscapeRight UIInterfaceOrientationPortrait";
				INFOPLIST_KEY_UISupportedInterfaceOrientations_iPad = "UIInterfaceOrientationLandscapeLeft UIInterfaceOrientationLandscapeRight UIInterfaceOrientationPortrait UIInterfaceOrientationPortraitUpsideDown";
				INFOPLIST_KEY_UIUserInterfaceStyle = Light;
				IPHONEOS_DEPLOYMENT_TARGET = 17.6;
				LD_RUNPATH_SEARCH_PATHS = (
					"$(inherited)",
					"@executable_path/Frameworks",
				);
				MARKETING_VERSION = 1.6.1;
				PRODUCT_BUNDLE_IDENTIFIER = com.jihayoon.ddugyesangi;
				PRODUCT_NAME = "$(TARGET_NAME)";
				PROVISIONING_PROFILE_SPECIFIER = "";
				SUPPORTED_PLATFORMS = "iphoneos iphonesimulator";
				SUPPORTS_MACCATALYST = NO;
				SUPPORTS_MAC_DESIGNED_FOR_IPHONE_IPAD = NO;
				SUPPORTS_XR_DESIGNED_FOR_IPHONE_IPAD = NO;
				SWIFT_EMIT_LOC_STRINGS = YES;
				SWIFT_VERSION = 5.0;
				TARGETED_DEVICE_FAMILY = "1,2";
			};
			name = Debug;
		};
		6277CA432D2448210028F852 /* Release */ = {
			isa = XCBuildConfiguration;
			buildSettings = {
				ASSETCATALOG_COMPILER_APPICON_NAME = AppIcon;
				ASSETCATALOG_COMPILER_GLOBAL_ACCENT_COLOR_NAME = AccentColor;
				CODE_SIGN_IDENTITY = "Apple Development";
				CODE_SIGN_STYLE = Automatic;
				CURRENT_PROJECT_VERSION = 1;
				DEVELOPMENT_TEAM = 789YC4G9T9;
				GENERATE_INFOPLIST_FILE = YES;
				INFOPLIST_FILE = Ddugyesangi/Info.plist;
				INFOPLIST_KEY_CFBundleDisplayName = "$(CFBundleDisplayName)";
				INFOPLIST_KEY_LSApplicationCategoryType = "public.app-category.entertainment";
				INFOPLIST_KEY_UIApplicationSupportsIndirectInputEvents = YES;
				INFOPLIST_KEY_UILaunchStoryboardName = "Launch Screen";
				INFOPLIST_KEY_UISupportedInterfaceOrientations = "UIInterfaceOrientationLandscapeLeft UIInterfaceOrientationLandscapeRight UIInterfaceOrientationPortrait";
				INFOPLIST_KEY_UISupportedInterfaceOrientations_iPad = "UIInterfaceOrientationLandscapeLeft UIInterfaceOrientationLandscapeRight UIInterfaceOrientationPortrait UIInterfaceOrientationPortraitUpsideDown";
				INFOPLIST_KEY_UIUserInterfaceStyle = Light;
				IPHONEOS_DEPLOYMENT_TARGET = 17.6;
				LD_RUNPATH_SEARCH_PATHS = (
					"$(inherited)",
					"@executable_path/Frameworks",
				);
				MARKETING_VERSION = 1.6.1;
				PRODUCT_BUNDLE_IDENTIFIER = com.jihayoon.ddugyesangi;
				PRODUCT_NAME = "$(TARGET_NAME)";
				PROVISIONING_PROFILE_SPECIFIER = "";
				SUPPORTED_PLATFORMS = "iphoneos iphonesimulator";
				SUPPORTS_MACCATALYST = NO;
				SUPPORTS_MAC_DESIGNED_FOR_IPHONE_IPAD = NO;
				SUPPORTS_XR_DESIGNED_FOR_IPHONE_IPAD = NO;
				SWIFT_EMIT_LOC_STRINGS = YES;
				SWIFT_VERSION = 5.0;
				TARGETED_DEVICE_FAMILY = "1,2";
			};
			name = Release;
		};
		6277CA442D2448210028F852 /* Debug */ = {
			isa = XCBuildConfiguration;
			buildSettings = {
				ALWAYS_SEARCH_USER_PATHS = NO;
				ASSETCATALOG_COMPILER_GENERATE_SWIFT_ASSET_SYMBOL_EXTENSIONS = YES;
				CLANG_ANALYZER_NONNULL = YES;
				CLANG_ANALYZER_NUMBER_OBJECT_CONVERSION = YES_AGGRESSIVE;
				CLANG_CXX_LANGUAGE_STANDARD = "gnu++20";
				CLANG_ENABLE_MODULES = YES;
				CLANG_ENABLE_OBJC_ARC = YES;
				CLANG_ENABLE_OBJC_WEAK = YES;
				CLANG_WARN_BLOCK_CAPTURE_AUTORELEASING = YES;
				CLANG_WARN_BOOL_CONVERSION = YES;
				CLANG_WARN_COMMA = YES;
				CLANG_WARN_CONSTANT_CONVERSION = YES;
				CLANG_WARN_DEPRECATED_OBJC_IMPLEMENTATIONS = YES;
				CLANG_WARN_DIRECT_OBJC_ISA_USAGE = YES_ERROR;
				CLANG_WARN_DOCUMENTATION_COMMENTS = YES;
				CLANG_WARN_EMPTY_BODY = YES;
				CLANG_WARN_ENUM_CONVERSION = YES;
				CLANG_WARN_INFINITE_RECURSION = YES;
				CLANG_WARN_INT_CONVERSION = YES;
				CLANG_WARN_NON_LITERAL_NULL_CONVERSION = YES;
				CLANG_WARN_OBJC_IMPLICIT_RETAIN_SELF = YES;
				CLANG_WARN_OBJC_LITERAL_CONVERSION = YES;
				CLANG_WARN_OBJC_ROOT_CLASS = YES_ERROR;
				CLANG_WARN_QUOTED_INCLUDE_IN_FRAMEWORK_HEADER = YES;
				CLANG_WARN_RANGE_LOOP_ANALYSIS = YES;
				CLANG_WARN_STRICT_PROTOTYPES = YES;
				CLANG_WARN_SUSPICIOUS_MOVE = YES;
				CLANG_WARN_UNGUARDED_AVAILABILITY = YES_AGGRESSIVE;
				CLANG_WARN_UNREACHABLE_CODE = YES;
				CLANG_WARN__DUPLICATE_METHOD_MATCH = YES;
				COPY_PHASE_STRIP = NO;
				DEBUG_INFORMATION_FORMAT = dwarf;
				ENABLE_STRICT_OBJC_MSGSEND = YES;
				ENABLE_TESTABILITY = YES;
				ENABLE_USER_SCRIPT_SANDBOXING = YES;
				GCC_C_LANGUAGE_STANDARD = gnu17;
				GCC_DYNAMIC_NO_PIC = NO;
				GCC_NO_COMMON_BLOCKS = YES;
				GCC_OPTIMIZATION_LEVEL = 0;
				GCC_PREPROCESSOR_DEFINITIONS = (
					"DEBUG=1",
					"$(inherited)",
				);
				GCC_WARN_64_TO_32_BIT_CONVERSION = YES;
				GCC_WARN_ABOUT_RETURN_TYPE = YES_ERROR;
				GCC_WARN_UNDECLARED_SELECTOR = YES;
				GCC_WARN_UNINITIALIZED_AUTOS = YES_AGGRESSIVE;
				GCC_WARN_UNUSED_FUNCTION = YES;
				GCC_WARN_UNUSED_VARIABLE = YES;
				IPHONEOS_DEPLOYMENT_TARGET = 18.2;
				LOCALIZATION_PREFERS_STRING_CATALOGS = YES;
				MTL_ENABLE_DEBUG_INFO = INCLUDE_SOURCE;
				MTL_FAST_MATH = YES;
				ONLY_ACTIVE_ARCH = YES;
				SDKROOT = iphoneos;
				SWIFT_ACTIVE_COMPILATION_CONDITIONS = "DEBUG $(inherited)";
				SWIFT_OPTIMIZATION_LEVEL = "-Onone";
			};
			name = Debug;
		};
		6277CA452D2448210028F852 /* Release */ = {
			isa = XCBuildConfiguration;
			buildSettings = {
				ALWAYS_SEARCH_USER_PATHS = NO;
				ASSETCATALOG_COMPILER_GENERATE_SWIFT_ASSET_SYMBOL_EXTENSIONS = YES;
				CLANG_ANALYZER_NONNULL = YES;
				CLANG_ANALYZER_NUMBER_OBJECT_CONVERSION = YES_AGGRESSIVE;
				CLANG_CXX_LANGUAGE_STANDARD = "gnu++20";
				CLANG_ENABLE_MODULES = YES;
				CLANG_ENABLE_OBJC_ARC = YES;
				CLANG_ENABLE_OBJC_WEAK = YES;
				CLANG_WARN_BLOCK_CAPTURE_AUTORELEASING = YES;
				CLANG_WARN_BOOL_CONVERSION = YES;
				CLANG_WARN_COMMA = YES;
				CLANG_WARN_CONSTANT_CONVERSION = YES;
				CLANG_WARN_DEPRECATED_OBJC_IMPLEMENTATIONS = YES;
				CLANG_WARN_DIRECT_OBJC_ISA_USAGE = YES_ERROR;
				CLANG_WARN_DOCUMENTATION_COMMENTS = YES;
				CLANG_WARN_EMPTY_BODY = YES;
				CLANG_WARN_ENUM_CONVERSION = YES;
				CLANG_WARN_INFINITE_RECURSION = YES;
				CLANG_WARN_INT_CONVERSION = YES;
				CLANG_WARN_NON_LITERAL_NULL_CONVERSION = YES;
				CLANG_WARN_OBJC_IMPLICIT_RETAIN_SELF = YES;
				CLANG_WARN_OBJC_LITERAL_CONVERSION = YES;
				CLANG_WARN_OBJC_ROOT_CLASS = YES_ERROR;
				CLANG_WARN_QUOTED_INCLUDE_IN_FRAMEWORK_HEADER = YES;
				CLANG_WARN_RANGE_LOOP_ANALYSIS = YES;
				CLANG_WARN_STRICT_PROTOTYPES = YES;
				CLANG_WARN_SUSPICIOUS_MOVE = YES;
				CLANG_WARN_UNGUARDED_AVAILABILITY = YES_AGGRESSIVE;
				CLANG_WARN_UNREACHABLE_CODE = YES;
				CLANG_WARN__DUPLICATE_METHOD_MATCH = YES;
				COPY_PHASE_STRIP = NO;
				DEBUG_INFORMATION_FORMAT = "dwarf-with-dsym";
				ENABLE_NS_ASSERTIONS = NO;
				ENABLE_STRICT_OBJC_MSGSEND = YES;
				ENABLE_USER_SCRIPT_SANDBOXING = YES;
				GCC_C_LANGUAGE_STANDARD = gnu17;
				GCC_NO_COMMON_BLOCKS = YES;
				GCC_WARN_64_TO_32_BIT_CONVERSION = YES;
				GCC_WARN_ABOUT_RETURN_TYPE = YES_ERROR;
				GCC_WARN_UNDECLARED_SELECTOR = YES;
				GCC_WARN_UNINITIALIZED_AUTOS = YES_AGGRESSIVE;
				GCC_WARN_UNUSED_FUNCTION = YES;
				GCC_WARN_UNUSED_VARIABLE = YES;
				IPHONEOS_DEPLOYMENT_TARGET = 18.2;
				LOCALIZATION_PREFERS_STRING_CATALOGS = YES;
				MTL_ENABLE_DEBUG_INFO = NO;
				MTL_FAST_MATH = YES;
				SDKROOT = iphoneos;
				SWIFT_COMPILATION_MODE = wholemodule;
				VALIDATE_PRODUCT = YES;
			};
			name = Release;
		};
		6277CA472D2448210028F852 /* Debug */ = {
			isa = XCBuildConfiguration;
			buildSettings = {
				BUNDLE_LOADER = "$(TEST_HOST)";
				CODE_SIGN_STYLE = Automatic;
				CURRENT_PROJECT_VERSION = 1;
				DEVELOPMENT_TEAM = 84F5W52ST4;
				GENERATE_INFOPLIST_FILE = YES;
				IPHONEOS_DEPLOYMENT_TARGET = 18.2;
				MARKETING_VERSION = 1.0;
				PRODUCT_BUNDLE_IDENTIFIER = com.jiha.DdugyesangiTests;
				PRODUCT_NAME = "$(TARGET_NAME)";
				SWIFT_EMIT_LOC_STRINGS = NO;
				SWIFT_VERSION = 5.0;
				TARGETED_DEVICE_FAMILY = "1,2";
				TEST_HOST = "$(BUILT_PRODUCTS_DIR)/Ddugyesangi.app/$(BUNDLE_EXECUTABLE_FOLDER_PATH)/Ddugyesangi";
			};
			name = Debug;
		};
		6277CA482D2448210028F852 /* Release */ = {
			isa = XCBuildConfiguration;
			buildSettings = {
				BUNDLE_LOADER = "$(TEST_HOST)";
				CODE_SIGN_STYLE = Automatic;
				CURRENT_PROJECT_VERSION = 1;
				DEVELOPMENT_TEAM = 84F5W52ST4;
				GENERATE_INFOPLIST_FILE = YES;
				IPHONEOS_DEPLOYMENT_TARGET = 18.2;
				MARKETING_VERSION = 1.0;
				PRODUCT_BUNDLE_IDENTIFIER = com.jiha.DdugyesangiTests;
				PRODUCT_NAME = "$(TARGET_NAME)";
				SWIFT_EMIT_LOC_STRINGS = NO;
				SWIFT_VERSION = 5.0;
				TARGETED_DEVICE_FAMILY = "1,2";
				TEST_HOST = "$(BUILT_PRODUCTS_DIR)/Ddugyesangi.app/$(BUNDLE_EXECUTABLE_FOLDER_PATH)/Ddugyesangi";
			};
			name = Release;
		};
		6277CA4A2D2448210028F852 /* Debug */ = {
			isa = XCBuildConfiguration;
			buildSettings = {
				CODE_SIGN_STYLE = Automatic;
				CURRENT_PROJECT_VERSION = 1;
				DEVELOPMENT_TEAM = 84F5W52ST4;
				GENERATE_INFOPLIST_FILE = YES;
				MARKETING_VERSION = 1.0;
				PRODUCT_BUNDLE_IDENTIFIER = com.jiha.DdugyesangiUITests;
				PRODUCT_NAME = "$(TARGET_NAME)";
				SWIFT_EMIT_LOC_STRINGS = NO;
				SWIFT_VERSION = 5.0;
				TARGETED_DEVICE_FAMILY = "1,2";
				TEST_TARGET_NAME = Ddugyesangi;
			};
			name = Debug;
		};
		6277CA4B2D2448210028F852 /* Release */ = {
			isa = XCBuildConfiguration;
			buildSettings = {
				CODE_SIGN_STYLE = Automatic;
				CURRENT_PROJECT_VERSION = 1;
				DEVELOPMENT_TEAM = 84F5W52ST4;
				GENERATE_INFOPLIST_FILE = YES;
				MARKETING_VERSION = 1.0;
				PRODUCT_BUNDLE_IDENTIFIER = com.jiha.DdugyesangiUITests;
				PRODUCT_NAME = "$(TARGET_NAME)";
				SWIFT_EMIT_LOC_STRINGS = NO;
				SWIFT_VERSION = 5.0;
				TARGETED_DEVICE_FAMILY = "1,2";
				TEST_TARGET_NAME = Ddugyesangi;
			};
			name = Release;
		};
/* End XCBuildConfiguration section */

/* Begin XCConfigurationList section */
		6277CA102D2448200028F852 /* Build configuration list for PBXProject "Ddugyesangi" */ = {
			isa = XCConfigurationList;
			buildConfigurations = (
				6277CA442D2448210028F852 /* Debug */,
				6277CA452D2448210028F852 /* Release */,
			);
			defaultConfigurationIsVisible = 0;
			defaultConfigurationName = Release;
		};
		6277CA412D2448210028F852 /* Build configuration list for PBXNativeTarget "Ddugyesangi" */ = {
			isa = XCConfigurationList;
			buildConfigurations = (
				6277CA422D2448210028F852 /* Debug */,
				6277CA432D2448210028F852 /* Release */,
			);
			defaultConfigurationIsVisible = 0;
			defaultConfigurationName = Release;
		};
		6277CA462D2448210028F852 /* Build configuration list for PBXNativeTarget "DdugyesangiTests" */ = {
			isa = XCConfigurationList;
			buildConfigurations = (
				6277CA472D2448210028F852 /* Debug */,
				6277CA482D2448210028F852 /* Release */,
			);
			defaultConfigurationIsVisible = 0;
			defaultConfigurationName = Release;
		};
		6277CA492D2448210028F852 /* Build configuration list for PBXNativeTarget "DdugyesangiUITests" */ = {
			isa = XCConfigurationList;
			buildConfigurations = (
				6277CA4A2D2448210028F852 /* Debug */,
				6277CA4B2D2448210028F852 /* Release */,
			);
			defaultConfigurationIsVisible = 0;
			defaultConfigurationName = Release;
		};
/* End XCConfigurationList section */

/* Begin XCRemoteSwiftPackageReference section */
		629FF53A2E95011C00BBBC29 /* XCRemoteSwiftPackageReference "firebase-ios-sdk" */ = {
			isa = XCRemoteSwiftPackageReference;
			repositoryURL = "https://github.com/firebase/firebase-ios-sdk";
			requirement = {
				kind = upToNextMajorVersion;
				minimumVersion = 12.3.0;
			};
		};
		62B18DDF2E815CCE00C7ED06 /* XCRemoteSwiftPackageReference "Alamofire" */ = {
			isa = XCRemoteSwiftPackageReference;
			repositoryURL = "https://github.com/Alamofire/Alamofire";
			requirement = {
				kind = upToNextMajorVersion;
				minimumVersion = 5.10.2;
			};
		};
		62E8BCFA2D25040C0082A0A9 /* XCRemoteSwiftPackageReference "swift-package-manager-google-mobile-ads" */ = {
			isa = XCRemoteSwiftPackageReference;
			repositoryURL = "https://github.com/googleads/swift-package-manager-google-mobile-ads.git";
			requirement = {
				kind = upToNextMajorVersion;
				minimumVersion = 11.13.0;
			};
		};
/* End XCRemoteSwiftPackageReference section */

/* Begin XCSwiftPackageProductDependency section */
		629FF53B2E95011C00BBBC29 /* FirebaseAnalytics */ = {
			isa = XCSwiftPackageProductDependency;
			package = 629FF53A2E95011C00BBBC29 /* XCRemoteSwiftPackageReference "firebase-ios-sdk" */;
			productName = FirebaseAnalytics;
		};
		629FF53D2E95011C00BBBC29 /* FirebaseAuth */ = {
			isa = XCSwiftPackageProductDependency;
			package = 629FF53A2E95011C00BBBC29 /* XCRemoteSwiftPackageReference "firebase-ios-sdk" */;
			productName = FirebaseAuth;
		};
		629FF53F2E95011C00BBBC29 /* FirebaseFirestore */ = {
			isa = XCSwiftPackageProductDependency;
			package = 629FF53A2E95011C00BBBC29 /* XCRemoteSwiftPackageReference "firebase-ios-sdk" */;
			productName = FirebaseFirestore;
		};
		62B18DE02E815CCE00C7ED06 /* Alamofire */ = {
			isa = XCSwiftPackageProductDependency;
			package = 62B18DDF2E815CCE00C7ED06 /* XCRemoteSwiftPackageReference "Alamofire" */;
			productName = Alamofire;
		};
		62E8BCFB2D25040C0082A0A9 /* GoogleMobileAds */ = {
			isa = XCSwiftPackageProductDependency;
			package = 62E8BCFA2D25040C0082A0A9 /* XCRemoteSwiftPackageReference "swift-package-manager-google-mobile-ads" */;
			productName = GoogleMobileAds;
		};
/* End XCSwiftPackageProductDependency section */
	};
	rootObject = 6277CA0D2D2448200028F852 /* Project object */;
}
